
Microsoft Visual Studio Solution File, Format Version 12.00
# Visual Studio 15
VisualStudioVersion = 15.0.27703.2000
MinimumVisualStudioVersion = 10.0.40219.1
Project("{00D1A9C2-B5F0-4AF3-8072-F6C62B433612}") = "Scripts", "Scripts\Scripts.sqlproj", "{0D8997D7-38FF-4B55-969E-051FBFCC245E}"
EndProject
Project("{9A19103F-16F7-4668-BE54-9A1E7A4F7556}") = "ExemploJsonSqlServer", "ExemploJsonSqlServer\ExemploJsonSqlServer.csproj", "{B31BD8B0-7A05-4DFC-B2B1-66D47B5594D3}"
EndProject
Project("{9A19103F-16F7-4668-BE54-9A1E7A4F7556}") = "ExemploDapperContrib", "ExemploDapperContrib\ExemploDapperContrib.csproj", "{B92CD6BF-44B9-4082-9E89-2A09A002DF39}"
EndProject
Project("{FAE04EC0-301F-11D3-BF4B-00C04F79EFBC}") = "ExemplosGerais", "ExemplosGerais\ExemplosGerais.csproj", "{29FCFFDC-E63E-4452-A1B9-57ABB3D9759F}"
EndProject
Project("{FAE04EC0-301F-11D3-BF4B-00C04F79EFBC}") = "ExemploOneToOne", "ExemploOneToOne\ExemploOneToOne.csproj", "{87357244-7FBC-4F68-8F5A-9DAD0C62865A}"
EndProject
Project("{FAE04EC0-301F-11D3-BF4B-00C04F79EFBC}") = "ExemploOneToMany", "ExemploOneToMany\ExemploOneToMany.csproj", "{6BB847BC-831F-45BB-8296-9D9C707DC18D}"
EndProject
Project("{FAE04EC0-301F-11D3-BF4B-00C04F79EFBC}") = "ExemploInserts", "ExemploInserts\ExemploInserts.csproj", "{1B5A1BDB-3A2C-4ECB-B274-D5672D63E672}"
EndProject
Project("{FAE04EC0-301F-11D3-BF4B-00C04F79EFBC}") = "ExemploUpdateTransactions", "ExemploUpdateTransactions\ExemploUpdateTransactions.csproj", "{39CC77D0-D525-43E9-A007-103ED76482B2}"
EndProject
Global
	GlobalSection(SolutionConfigurationPlatforms) = preSolution
		Debug|Any CPU = Debug|Any CPU
		Release|Any CPU = Release|Any CPU
	EndGlobalSection
	GlobalSection(ProjectConfigurationPlatforms) = postSolution
		{0D8997D7-38FF-4B55-969E-051FBFCC245E}.Debug|Any CPU.ActiveCfg = Debug|Any CPU
		{0D8997D7-38FF-4B55-969E-051FBFCC245E}.Debug|Any CPU.Build.0 = Debug|Any CPU
		{0D8997D7-38FF-4B55-969E-051FBFCC245E}.Debug|Any CPU.Deploy.0 = Debug|Any CPU
		{0D8997D7-38FF-4B55-969E-051FBFCC245E}.Release|Any CPU.ActiveCfg = Release|Any CPU
		{0D8997D7-38FF-4B55-969E-051FBFCC245E}.Release|Any CPU.Build.0 = Release|Any CPU
		{0D8997D7-38FF-4B55-969E-051FBFCC245E}.Release|Any CPU.Deploy.0 = Release|Any CPU
		{B31BD8B0-7A05-4DFC-B2B1-66D47B5594D3}.Debug|Any CPU.ActiveCfg = Debug|Any CPU
		{B31BD8B0-7A05-4DFC-B2B1-66D47B5594D3}.Debug|Any CPU.Build.0 = Debug|Any CPU
		{B31BD8B0-7A05-4DFC-B2B1-66D47B5594D3}.Release|Any CPU.ActiveCfg = Release|Any CPU
		{B31BD8B0-7A05-4DFC-B2B1-66D47B5594D3}.Release|Any CPU.Build.0 = Release|Any CPU
		{B92CD6BF-44B9-4082-9E89-2A09A002DF39}.Debug|Any CPU.ActiveCfg = Debug|Any CPU
		{B92CD6BF-44B9-4082-9E89-2A09A002DF39}.Debug|Any CPU.Build.0 = Debug|Any CPU
		{B92CD6BF-44B9-4082-9E89-2A09A002DF39}.Release|Any CPU.ActiveCfg = Release|Any CPU
		{B92CD6BF-44B9-4082-9E89-2A09A002DF39}.Release|Any CPU.Build.0 = Release|Any CPU
		{29FCFFDC-E63E-4452-A1B9-57ABB3D9759F}.Debug|Any CPU.ActiveCfg = Debug|Any CPU
		{29FCFFDC-E63E-4452-A1B9-57ABB3D9759F}.Debug|Any CPU.Build.0 = Debug|Any CPU
		{29FCFFDC-E63E-4452-A1B9-57ABB3D9759F}.Release|Any CPU.ActiveCfg = Release|Any CPU
		{29FCFFDC-E63E-4452-A1B9-57ABB3D9759F}.Release|Any CPU.Build.0 = Release|Any CPU
		{87357244-7FBC-4F68-8F5A-9DAD0C62865A}.Debug|Any CPU.ActiveCfg = Debug|Any CPU
		{87357244-7FBC-4F68-8F5A-9DAD0C62865A}.Debug|Any CPU.Build.0 = Debug|Any CPU
		{87357244-7FBC-4F68-8F5A-9DAD0C62865A}.Release|Any CPU.ActiveCfg = Release|Any CPU
		{87357244-7FBC-4F68-8F5A-9DAD0C62865A}.Release|Any CPU.Build.0 = Release|Any CPU
		{6BB847BC-831F-45BB-8296-9D9C707DC18D}.Debug|Any CPU.ActiveCfg = Debug|Any CPU
		{6BB847BC-831F-45BB-8296-9D9C707DC18D}.Debug|Any CPU.Build.0 = Debug|Any CPU
		{6BB847BC-831F-45BB-8296-9D9C707DC18D}.Release|Any CPU.ActiveCfg = Release|Any CPU
		{6BB847BC-831F-45BB-8296-9D9C707DC18D}.Release|Any CPU.Build.0 = Release|Any CPU
		{1B5A1BDB-3A2C-4ECB-B274-D5672D63E672}.Debug|Any CPU.ActiveCfg = Debug|Any CPU
		{1B5A1BDB-3A2C-4ECB-B274-D5672D63E672}.Debug|Any CPU.Build.0 = Debug|Any CPU
		{1B5A1BDB-3A2C-4ECB-B274-D5672D63E672}.Release|Any CPU.ActiveCfg = Release|Any CPU
		{1B5A1BDB-3A2C-4ECB-B274-D5672D63E672}.Release|Any CPU.Build.0 = Release|Any CPU
		{39CC77D0-D525-43E9-A007-103ED76482B2}.Debug|Any CPU.ActiveCfg = Debug|Any CPU
		{39CC77D0-D525-43E9-A007-103ED76482B2}.Debug|Any CPU.Build.0 = Debug|Any CPU
		{39CC77D0-D525-43E9-A007-103ED76482B2}.Release|Any CPU.ActiveCfg = Release|Any CPU
		{39CC77D0-D525-43E9-A007-103ED76482B2}.Release|Any CPU.Build.0 = Release|Any CPU
	EndGlobalSection
	GlobalSection(SolutionProperties) = preSolution
		HideSolutionNode = FALSE
	EndGlobalSection
	GlobalSection(ExtensibilityGlobals) = postSolution
		SolutionGuid = {38878E1F-C627-4879-A407-28B68213CEE5}
	EndGlobalSection
EndGlobal
